
Microsoft Visual Studio Solution File, Format Version 12.00
# Visual Studio Version 16
VisualStudioVersion = 16.0.30611.23
MinimumVisualStudioVersion = 10.0.40219.1
Project("{FAE04EC0-301F-11D3-BF4B-00C04F79EFBC}") = "ssc_good_homework", "ssc_good_homework\ssc_good_homework.csproj", "{C2262407-9569-4907-B7D0-A2B2FB3ADD43}"
EndProject
Global
	GlobalSection(SolutionConfigurationPlatforms) = preSolution
		Debug|Any CPU = Debug|Any CPU
		Release|Any CPU = Release|Any CPU
	EndGlobalSection
	GlobalSection(ProjectConfigurationPlatforms) = postSolution
		{C2262407-9569-4907-B7D0-A2B2FB3ADD43}.Debug|Any CPU.ActiveCfg = Debug|Any CPU
		{C2262407-9569-4907-B7D0-A2B2FB3ADD43}.Debug|Any CPU.Build.0 = Debug|Any CPU
		{C2262407-9569-4907-B7D0-A2B2FB3ADD43}.Release|Any CPU.ActiveCfg = Release|Any CPU
		{C2262407-9569-4907-B7D0-A2B2FB3ADD43}.Release|Any CPU.Build.0 = Release|Any CPU
	EndGlobalSection
	GlobalSection(SolutionProperties) = preSolution
		HideSolutionNode = FALSE
	EndGlobalSection
	GlobalSection(ExtensibilityGlobals) = postSolution
		SolutionGuid = {BF80508A-7F52-4353-B476-66B821FEEE20}
	EndGlobalSection
EndGlobal
